{
  "lockfileVersion": 1,
  "workspaces": {
    "": {
      "name": "packrat-v2-api",
      "dependencies": {
        "@ai-sdk/openai": "^1.3.7",
        "@neondatabase/serverless": "^1.0.0",
        "@types/nodemailer": "^6.4.17",
        "ai": "^4.3.0",
        "bcryptjs": "^3.0.2",
        "drizzle-orm": "^0.41.0",
        "hono": "^4.7.5",
        "nodemailer": "^6.10.0",
        "resend": "^4.2.0",
        "ws": "^8.18.1",
        "zod": "^3.24.2",
      },
      "devDependencies": {
        "@cloudflare/workers-types": "^4.20250405.0",
        "@types/bun": "latest",
        "wrangler": "^4.7.2",
      },
    },
  },
  "packages": {
    "@ai-sdk/openai": ["@ai-sdk/openai@1.3.7", "", { "dependencies": { "@ai-sdk/provider": "1.1.0", "@ai-sdk/provider-utils": "2.2.4" }, "peerDependencies": { "zod": "^3.0.0" } }, "sha512-JjjEulfMgH5kGyCWKdyhxNLSIs2qBkUr6LtzNJtYlV23e5RbOHA5qgbbxn6IbGxeZs4xpPhpGmOnUVzh7GZwcg=="],

    "@ai-sdk/provider": ["@ai-sdk/provider@1.1.0", "", { "dependencies": { "json-schema": "^0.4.0" } }, "sha512-0M+qjp+clUD0R1E5eWQFhxEvWLNaOtGQRUaBn8CUABnSKredagq92hUS9VjOzGsTm37xLfpaxl97AVtbeOsHew=="],

    "@ai-sdk/provider-utils": ["@ai-sdk/provider-utils@2.2.4", "", { "dependencies": { "@ai-sdk/provider": "1.1.0", "nanoid": "^3.3.8", "secure-json-parse": "^2.7.0" }, "peerDependencies": { "zod": "^3.23.8" } }, "sha512-13sEGBxB6kgaMPGOgCLYibF6r8iv8mgjhuToFrOTU09bBxbFQd8ZoARarCfJN6VomCUbUvMKwjTBLb1vQnN+WA=="],

    "@ai-sdk/react": ["@ai-sdk/react@1.2.6", "", { "dependencies": { "@ai-sdk/provider-utils": "2.2.4", "@ai-sdk/ui-utils": "1.2.5", "swr": "^2.2.5", "throttleit": "2.1.0" }, "peerDependencies": { "react": "^18 || ^19 || ^19.0.0-rc", "zod": "^3.23.8" }, "optionalPeers": ["zod"] }, "sha512-5BFChNbcYtcY9MBStcDev7WZRHf0NpTrk8yfSoedWctB3jfWkFd1HECBvdc8w3mUQshF2MumLHtAhRO7IFtGGQ=="],

    "@ai-sdk/ui-utils": ["@ai-sdk/ui-utils@1.2.5", "", { "dependencies": { "@ai-sdk/provider": "1.1.0", "@ai-sdk/provider-utils": "2.2.4", "zod-to-json-schema": "^3.24.1" }, "peerDependencies": { "zod": "^3.23.8" } }, "sha512-XDgqnJcaCkDez7qolvk+PDbs/ceJvgkNkxkOlc9uDWqxfDJxtvCZ+14MP/1qr4IBwGIgKVHzMDYDXvqVhSWLzg=="],

    "@cloudflare/kv-asset-handler": ["@cloudflare/kv-asset-handler@0.4.0", "", { "dependencies": { "mime": "^3.0.0" } }, "sha512-+tv3z+SPp+gqTIcImN9o0hqE9xyfQjI1XD9pL6NuKjua9B1y7mNYv0S9cP+QEbA4ppVgGZEmKOvHX5G5Ei1CVA=="],

    "@cloudflare/unenv-preset": ["@cloudflare/unenv-preset@2.3.1", "", { "peerDependencies": { "unenv": "2.0.0-rc.15", "workerd": "^1.20250320.0" }, "optionalPeers": ["workerd"] }, "sha512-Xq57Qd+ADpt6hibcVBO0uLG9zzRgyRhfCUgBT9s+g3+3Ivg5zDyVgLFy40ES1VdNcu8rPNSivm9A+kGP5IVaPg=="],

    "@cloudflare/workerd-darwin-64": ["@cloudflare/workerd-darwin-64@1.20250404.0", "", { "os": "darwin", "cpu": "x64" }, "sha512-+z67wjimn7pZDJI5Ibt2TtNxreFJdFPd5dBMmQqtIfkwrlIsL4PkjHYdiffO7guFP9UygomThuKUaBOU4JA15Q=="],

    "@cloudflare/workerd-darwin-arm64": ["@cloudflare/workerd-darwin-arm64@1.20250404.0", "", { "os": "darwin", "cpu": "arm64" }, "sha512-MxFuWqR5bMcc92khreSlYOJxr0OIlJxABdrWQsaogWsxI6p7Df9gV1T36pqg+ERa9fVhkkGERkalt9DJYyYicA=="],

    "@cloudflare/workerd-linux-64": ["@cloudflare/workerd-linux-64@1.20250404.0", "", { "os": "linux", "cpu": "x64" }, "sha512-f4rNJ45376vGB6WHmxxiZ50nmxMws337EvWthhNAZTyeoTYmJUbZjjWCaHR8clWXN8LLK1Tu1bkjsih730X41g=="],

    "@cloudflare/workerd-linux-arm64": ["@cloudflare/workerd-linux-arm64@1.20250404.0", "", { "os": "linux", "cpu": "arm64" }, "sha512-UW54a/vZG6W1oiA9PUSatQ0LLWrxnwAX7rN/bCFLiT6n51PP8KgpM1LzrIvQM80WjH/ufqopZJe/TSgrrSss6Q=="],

    "@cloudflare/workerd-windows-64": ["@cloudflare/workerd-windows-64@1.20250404.0", "", { "os": "win32", "cpu": "x64" }, "sha512-AJJP8vjJ6ioBzqUxVyByv5tE74z5LZ7G5To7w7dtYjWvKZzFo39bZZwGCGryHmH4yaOylXubFv72YVH8+Y4GSQ=="],

    "@cloudflare/workers-types": ["@cloudflare/workers-types@4.20250405.0", "", {}, "sha512-rE7LQirsEorBir5hymXpi0D+G01lZ65GZTKBjmkbWLNHRQyyG964wqlMzxFuFTndKttLTlJjZyZHHg5scBi4Kg=="],

    "@cspotcode/source-map-support": ["@cspotcode/source-map-support@0.8.1", "", { "dependencies": { "@jridgewell/trace-mapping": "0.3.9" } }, "sha512-IchNf6dN4tHoMFIn/7OE8LWZ19Y6q/67Bmf6vnGREv8RSbBVb9LPJxEcnwrcwX6ixSvaiGoomAUvu4YSxXrVgw=="],

    "@emnapi/runtime": ["@emnapi/runtime@1.4.0", "", { "dependencies": { "tslib": "^2.4.0" } }, "sha512-64WYIf4UYcdLnbKn/umDlNjQDSS8AgZrI/R9+x5ilkUVFxXcA1Ebl+gQLc/6mERA4407Xof0R7wEyEuj091CVw=="],

    "@esbuild/aix-ppc64": ["@esbuild/aix-ppc64@0.24.2", "", { "os": "aix", "cpu": "ppc64" }, "sha512-thpVCb/rhxE/BnMLQ7GReQLLN8q9qbHmI55F4489/ByVg2aQaQ6kbcLb6FHkocZzQhxc4gx0sCk0tJkKBFzDhA=="],

    "@esbuild/android-arm": ["@esbuild/android-arm@0.24.2", "", { "os": "android", "cpu": "arm" }, "sha512-tmwl4hJkCfNHwFB3nBa8z1Uy3ypZpxqxfTQOcHX+xRByyYgunVbZ9MzUUfb0RxaHIMnbHagwAxuTL+tnNM+1/Q=="],

    "@esbuild/android-arm64": ["@esbuild/android-arm64@0.24.2", "", { "os": "android", "cpu": "arm64" }, "sha512-cNLgeqCqV8WxfcTIOeL4OAtSmL8JjcN6m09XIgro1Wi7cF4t/THaWEa7eL5CMoMBdjoHOTh/vwTO/o2TRXIyzg=="],

    "@esbuild/android-x64": ["@esbuild/android-x64@0.24.2", "", { "os": "android", "cpu": "x64" }, "sha512-B6Q0YQDqMx9D7rvIcsXfmJfvUYLoP722bgfBlO5cGvNVb5V/+Y7nhBE3mHV9OpxBf4eAS2S68KZztiPaWq4XYw=="],

    "@esbuild/darwin-arm64": ["@esbuild/darwin-arm64@0.24.2", "", { "os": "darwin", "cpu": "arm64" }, "sha512-kj3AnYWc+CekmZnS5IPu9D+HWtUI49hbnyqk0FLEJDbzCIQt7hg7ucF1SQAilhtYpIujfaHr6O0UHlzzSPdOeA=="],

    "@esbuild/darwin-x64": ["@esbuild/darwin-x64@0.24.2", "", { "os": "darwin", "cpu": "x64" }, "sha512-WeSrmwwHaPkNR5H3yYfowhZcbriGqooyu3zI/3GGpF8AyUdsrrP0X6KumITGA9WOyiJavnGZUwPGvxvwfWPHIA=="],

    "@esbuild/freebsd-arm64": ["@esbuild/freebsd-arm64@0.24.2", "", { "os": "freebsd", "cpu": "arm64" }, "sha512-UN8HXjtJ0k/Mj6a9+5u6+2eZ2ERD7Edt1Q9IZiB5UZAIdPnVKDoG7mdTVGhHJIeEml60JteamR3qhsr1r8gXvg=="],

    "@esbuild/freebsd-x64": ["@esbuild/freebsd-x64@0.24.2", "", { "os": "freebsd", "cpu": "x64" }, "sha512-TvW7wE/89PYW+IevEJXZ5sF6gJRDY/14hyIGFXdIucxCsbRmLUcjseQu1SyTko+2idmCw94TgyaEZi9HUSOe3Q=="],

    "@esbuild/linux-arm": ["@esbuild/linux-arm@0.24.2", "", { "os": "linux", "cpu": "arm" }, "sha512-n0WRM/gWIdU29J57hJyUdIsk0WarGd6To0s+Y+LwvlC55wt+GT/OgkwoXCXvIue1i1sSNWblHEig00GBWiJgfA=="],

    "@esbuild/linux-arm64": ["@esbuild/linux-arm64@0.24.2", "", { "os": "linux", "cpu": "arm64" }, "sha512-7HnAD6074BW43YvvUmE/35Id9/NB7BeX5EoNkK9obndmZBUk8xmJJeU7DwmUeN7tkysslb2eSl6CTrYz6oEMQg=="],

    "@esbuild/linux-ia32": ["@esbuild/linux-ia32@0.24.2", "", { "os": "linux", "cpu": "ia32" }, "sha512-sfv0tGPQhcZOgTKO3oBE9xpHuUqguHvSo4jl+wjnKwFpapx+vUDcawbwPNuBIAYdRAvIDBfZVvXprIj3HA+Ugw=="],

    "@esbuild/linux-loong64": ["@esbuild/linux-loong64@0.24.2", "", { "os": "linux", "cpu": "none" }, "sha512-CN9AZr8kEndGooS35ntToZLTQLHEjtVB5n7dl8ZcTZMonJ7CCfStrYhrzF97eAecqVbVJ7APOEe18RPI4KLhwQ=="],

    "@esbuild/linux-mips64el": ["@esbuild/linux-mips64el@0.24.2", "", { "os": "linux", "cpu": "none" }, "sha512-iMkk7qr/wl3exJATwkISxI7kTcmHKE+BlymIAbHO8xanq/TjHaaVThFF6ipWzPHryoFsesNQJPE/3wFJw4+huw=="],

    "@esbuild/linux-ppc64": ["@esbuild/linux-ppc64@0.24.2", "", { "os": "linux", "cpu": "ppc64" }, "sha512-shsVrgCZ57Vr2L8mm39kO5PPIb+843FStGt7sGGoqiiWYconSxwTiuswC1VJZLCjNiMLAMh34jg4VSEQb+iEbw=="],

    "@esbuild/linux-riscv64": ["@esbuild/linux-riscv64@0.24.2", "", { "os": "linux", "cpu": "none" }, "sha512-4eSFWnU9Hhd68fW16GD0TINewo1L6dRrB+oLNNbYyMUAeOD2yCK5KXGK1GH4qD/kT+bTEXjsyTCiJGHPZ3eM9Q=="],

    "@esbuild/linux-s390x": ["@esbuild/linux-s390x@0.24.2", "", { "os": "linux", "cpu": "s390x" }, "sha512-S0Bh0A53b0YHL2XEXC20bHLuGMOhFDO6GN4b3YjRLK//Ep3ql3erpNcPlEFed93hsQAjAQDNsvcK+hV90FubSw=="],

    "@esbuild/linux-x64": ["@esbuild/linux-x64@0.24.2", "", { "os": "linux", "cpu": "x64" }, "sha512-8Qi4nQcCTbLnK9WoMjdC9NiTG6/E38RNICU6sUNqK0QFxCYgoARqVqxdFmWkdonVsvGqWhmm7MO0jyTqLqwj0Q=="],

    "@esbuild/netbsd-arm64": ["@esbuild/netbsd-arm64@0.24.2", "", { "os": "none", "cpu": "arm64" }, "sha512-wuLK/VztRRpMt9zyHSazyCVdCXlpHkKm34WUyinD2lzK07FAHTq0KQvZZlXikNWkDGoT6x3TD51jKQ7gMVpopw=="],

    "@esbuild/netbsd-x64": ["@esbuild/netbsd-x64@0.24.2", "", { "os": "none", "cpu": "x64" }, "sha512-VefFaQUc4FMmJuAxmIHgUmfNiLXY438XrL4GDNV1Y1H/RW3qow68xTwjZKfj/+Plp9NANmzbH5R40Meudu8mmw=="],

    "@esbuild/openbsd-arm64": ["@esbuild/openbsd-arm64@0.24.2", "", { "os": "openbsd", "cpu": "arm64" }, "sha512-YQbi46SBct6iKnszhSvdluqDmxCJA+Pu280Av9WICNwQmMxV7nLRHZfjQzwbPs3jeWnuAhE9Jy0NrnJ12Oz+0A=="],

    "@esbuild/openbsd-x64": ["@esbuild/openbsd-x64@0.24.2", "", { "os": "openbsd", "cpu": "x64" }, "sha512-+iDS6zpNM6EnJyWv0bMGLWSWeXGN/HTaF/LXHXHwejGsVi+ooqDfMCCTerNFxEkM3wYVcExkeGXNqshc9iMaOA=="],

    "@esbuild/sunos-x64": ["@esbuild/sunos-x64@0.24.2", "", { "os": "sunos", "cpu": "x64" }, "sha512-hTdsW27jcktEvpwNHJU4ZwWFGkz2zRJUz8pvddmXPtXDzVKTTINmlmga3ZzwcuMpUvLw7JkLy9QLKyGpD2Yxig=="],

    "@esbuild/win32-arm64": ["@esbuild/win32-arm64@0.24.2", "", { "os": "win32", "cpu": "arm64" }, "sha512-LihEQ2BBKVFLOC9ZItT9iFprsE9tqjDjnbulhHoFxYQtQfai7qfluVODIYxt1PgdoyQkz23+01rzwNwYfutxUQ=="],

    "@esbuild/win32-ia32": ["@esbuild/win32-ia32@0.24.2", "", { "os": "win32", "cpu": "ia32" }, "sha512-q+iGUwfs8tncmFC9pcnD5IvRHAzmbwQ3GPS5/ceCyHdjXubwQWI12MKWSNSMYLJMq23/IUCvJMS76PDqXe1fxA=="],

    "@esbuild/win32-x64": ["@esbuild/win32-x64@0.24.2", "", { "os": "win32", "cpu": "x64" }, "sha512-7VTgWzgMGvup6aSqDPLiW5zHaxYJGTO4OokMjIlrCtf+VpEL+cXKtCvg723iguPYI5oaUNdS+/V7OU2gvXVWEg=="],

    "@fastify/busboy": ["@fastify/busboy@2.1.1", "", {}, "sha512-vBZP4NlzfOlerQTnba4aqZoMhE/a9HY7HRqoOPaETQcSQuWEIyZMHGfVu6w9wGtGK5fED5qRs2DteVCjOH60sA=="],

    "@img/sharp-darwin-arm64": ["@img/sharp-darwin-arm64@0.33.5", "", { "optionalDependencies": { "@img/sharp-libvips-darwin-arm64": "1.0.4" }, "os": "darwin", "cpu": "arm64" }, "sha512-UT4p+iz/2H4twwAoLCqfA9UH5pI6DggwKEGuaPy7nCVQ8ZsiY5PIcrRvD1DzuY3qYL07NtIQcWnBSY/heikIFQ=="],

    "@img/sharp-darwin-x64": ["@img/sharp-darwin-x64@0.33.5", "", { "optionalDependencies": { "@img/sharp-libvips-darwin-x64": "1.0.4" }, "os": "darwin", "cpu": "x64" }, "sha512-fyHac4jIc1ANYGRDxtiqelIbdWkIuQaI84Mv45KvGRRxSAa7o7d1ZKAOBaYbnepLC1WqxfpimdeWfvqqSGwR2Q=="],

    "@img/sharp-libvips-darwin-arm64": ["@img/sharp-libvips-darwin-arm64@1.0.4", "", { "os": "darwin", "cpu": "arm64" }, "sha512-XblONe153h0O2zuFfTAbQYAX2JhYmDHeWikp1LM9Hul9gVPjFY427k6dFEcOL72O01QxQsWi761svJ/ev9xEDg=="],

    "@img/sharp-libvips-darwin-x64": ["@img/sharp-libvips-darwin-x64@1.0.4", "", { "os": "darwin", "cpu": "x64" }, "sha512-xnGR8YuZYfJGmWPvmlunFaWJsb9T/AO2ykoP3Fz/0X5XV2aoYBPkX6xqCQvUTKKiLddarLaxpzNe+b1hjeWHAQ=="],

    "@img/sharp-libvips-linux-arm": ["@img/sharp-libvips-linux-arm@1.0.5", "", { "os": "linux", "cpu": "arm" }, "sha512-gvcC4ACAOPRNATg/ov8/MnbxFDJqf/pDePbBnuBDcjsI8PssmjoKMAz4LtLaVi+OnSb5FK/yIOamqDwGmXW32g=="],

    "@img/sharp-libvips-linux-arm64": ["@img/sharp-libvips-linux-arm64@1.0.4", "", { "os": "linux", "cpu": "arm64" }, "sha512-9B+taZ8DlyyqzZQnoeIvDVR/2F4EbMepXMc/NdVbkzsJbzkUjhXv/70GQJ7tdLA4YJgNP25zukcxpX2/SueNrA=="],

    "@img/sharp-libvips-linux-s390x": ["@img/sharp-libvips-linux-s390x@1.0.4", "", { "os": "linux", "cpu": "s390x" }, "sha512-u7Wz6ntiSSgGSGcjZ55im6uvTrOxSIS8/dgoVMoiGE9I6JAfU50yH5BoDlYA1tcuGS7g/QNtetJnxA6QEsCVTA=="],

    "@img/sharp-libvips-linux-x64": ["@img/sharp-libvips-linux-x64@1.0.4", "", { "os": "linux", "cpu": "x64" }, "sha512-MmWmQ3iPFZr0Iev+BAgVMb3ZyC4KeFc3jFxnNbEPas60e1cIfevbtuyf9nDGIzOaW9PdnDciJm+wFFaTlj5xYw=="],

    "@img/sharp-libvips-linuxmusl-arm64": ["@img/sharp-libvips-linuxmusl-arm64@1.0.4", "", { "os": "linux", "cpu": "arm64" }, "sha512-9Ti+BbTYDcsbp4wfYib8Ctm1ilkugkA/uscUn6UXK1ldpC1JjiXbLfFZtRlBhjPZ5o1NCLiDbg8fhUPKStHoTA=="],

    "@img/sharp-libvips-linuxmusl-x64": ["@img/sharp-libvips-linuxmusl-x64@1.0.4", "", { "os": "linux", "cpu": "x64" }, "sha512-viYN1KX9m+/hGkJtvYYp+CCLgnJXwiQB39damAO7WMdKWlIhmYTfHjwSbQeUK/20vY154mwezd9HflVFM1wVSw=="],

    "@img/sharp-linux-arm": ["@img/sharp-linux-arm@0.33.5", "", { "optionalDependencies": { "@img/sharp-libvips-linux-arm": "1.0.5" }, "os": "linux", "cpu": "arm" }, "sha512-JTS1eldqZbJxjvKaAkxhZmBqPRGmxgu+qFKSInv8moZ2AmT5Yib3EQ1c6gp493HvrvV8QgdOXdyaIBrhvFhBMQ=="],

    "@img/sharp-linux-arm64": ["@img/sharp-linux-arm64@0.33.5", "", { "optionalDependencies": { "@img/sharp-libvips-linux-arm64": "1.0.4" }, "os": "linux", "cpu": "arm64" }, "sha512-JMVv+AMRyGOHtO1RFBiJy/MBsgz0x4AWrT6QoEVVTyh1E39TrCUpTRI7mx9VksGX4awWASxqCYLCV4wBZHAYxA=="],

    "@img/sharp-linux-s390x": ["@img/sharp-linux-s390x@0.33.5", "", { "optionalDependencies": { "@img/sharp-libvips-linux-s390x": "1.0.4" }, "os": "linux", "cpu": "s390x" }, "sha512-y/5PCd+mP4CA/sPDKl2961b+C9d+vPAveS33s6Z3zfASk2j5upL6fXVPZi7ztePZ5CuH+1kW8JtvxgbuXHRa4Q=="],

    "@img/sharp-linux-x64": ["@img/sharp-linux-x64@0.33.5", "", { "optionalDependencies": { "@img/sharp-libvips-linux-x64": "1.0.4" }, "os": "linux", "cpu": "x64" }, "sha512-opC+Ok5pRNAzuvq1AG0ar+1owsu842/Ab+4qvU879ippJBHvyY5n2mxF1izXqkPYlGuP/M556uh53jRLJmzTWA=="],

    "@img/sharp-linuxmusl-arm64": ["@img/sharp-linuxmusl-arm64@0.33.5", "", { "optionalDependencies": { "@img/sharp-libvips-linuxmusl-arm64": "1.0.4" }, "os": "linux", "cpu": "arm64" }, "sha512-XrHMZwGQGvJg2V/oRSUfSAfjfPxO+4DkiRh6p2AFjLQztWUuY/o8Mq0eMQVIY7HJ1CDQUJlxGGZRw1a5bqmd1g=="],

    "@img/sharp-linuxmusl-x64": ["@img/sharp-linuxmusl-x64@0.33.5", "", { "optionalDependencies": { "@img/sharp-libvips-linuxmusl-x64": "1.0.4" }, "os": "linux", "cpu": "x64" }, "sha512-WT+d/cgqKkkKySYmqoZ8y3pxx7lx9vVejxW/W4DOFMYVSkErR+w7mf2u8m/y4+xHe7yY9DAXQMWQhpnMuFfScw=="],

    "@img/sharp-wasm32": ["@img/sharp-wasm32@0.33.5", "", { "dependencies": { "@emnapi/runtime": "^1.2.0" }, "cpu": "none" }, "sha512-ykUW4LVGaMcU9lu9thv85CbRMAwfeadCJHRsg2GmeRa/cJxsVY9Rbd57JcMxBkKHag5U/x7TSBpScF4U8ElVzg=="],

    "@img/sharp-win32-ia32": ["@img/sharp-win32-ia32@0.33.5", "", { "os": "win32", "cpu": "ia32" }, "sha512-T36PblLaTwuVJ/zw/LaH0PdZkRz5rd3SmMHX8GSmR7vtNSP5Z6bQkExdSK7xGWyxLw4sUknBuugTelgw2faBbQ=="],

    "@img/sharp-win32-x64": ["@img/sharp-win32-x64@0.33.5", "", { "os": "win32", "cpu": "x64" }, "sha512-MpY/o8/8kj+EcnxwvrP4aTJSWw/aZ7JIGR4aBeZkZw5B7/Jn+tY9/VNwtcoGmdT7GfggGIU4kygOMSbYnOrAbg=="],

    "@jridgewell/resolve-uri": ["@jridgewell/resolve-uri@3.1.2", "", {}, "sha512-bRISgCIjP20/tbWSPWMEi54QVPRZExkuD9lJL+UIxUKtwVJA8wW1Trb1jMs1RFXo1CBTNZ/5hpC9QvmKWdopKw=="],

    "@jridgewell/sourcemap-codec": ["@jridgewell/sourcemap-codec@1.5.0", "", {}, "sha512-gv3ZRaISU3fjPAgNsriBRqGWQL6quFx04YMPW/zD8XMLsU32mhCCbfbO6KZFLjvYpCZ8zyDEgqsgf+PwPaM7GQ=="],

    "@jridgewell/trace-mapping": ["@jridgewell/trace-mapping@0.3.9", "", { "dependencies": { "@jridgewell/resolve-uri": "^3.0.3", "@jridgewell/sourcemap-codec": "^1.4.10" } }, "sha512-3Belt6tdc8bPgAtbcmdtNJlirVoTmEb5e2gC94PnkwEW9jI6CAHUeoG85tjWP5WquqfavoMtMwiG4P926ZKKuQ=="],

    "@neondatabase/serverless": ["@neondatabase/serverless@1.0.0", "", { "dependencies": { "@types/node": "^22.10.2", "@types/pg": "^8.8.0" } }, "sha512-XWmEeWpBXIoksZSDN74kftfTnXFEGZ3iX8jbANWBc+ag6dsiQuvuR4LgB0WdCOKMb5AQgjqgufc0TgAsZubUYw=="],

    "@opentelemetry/api": ["@opentelemetry/api@1.9.0", "", {}, "sha512-3giAOQvZiH5F9bMlMiv8+GSPMeqg0dbaeo58/0SlA9sxSqZhnUtxzX9/2FzyhS9sWQf5S0GJE0AKBrFqjpeYcg=="],

    "@react-email/render": ["@react-email/render@1.0.5", "", { "dependencies": { "html-to-text": "9.0.5", "prettier": "3.4.2", "react-promise-suspense": "0.3.4" }, "peerDependencies": { "react": "^18.0 || ^19.0 || ^19.0.0-rc", "react-dom": "^18.0 || ^19.0 || ^19.0.0-rc" } }, "sha512-CA69HYXPk21HhtAXATIr+9JJwpDNmAFCvdMUjWmeoD1+KhJ9NAxusMRxKNeibdZdslmq3edaeOKGbdQ9qjK8LQ=="],

    "@selderee/plugin-htmlparser2": ["@selderee/plugin-htmlparser2@0.11.0", "", { "dependencies": { "domhandler": "^5.0.3", "selderee": "^0.11.0" } }, "sha512-P33hHGdldxGabLFjPPpaTxVolMrzrcegejx+0GxjrIb9Zv48D8yAIA/QTDR2dFl7Uz7urX8aX6+5bCZslr+gWQ=="],

    "@types/bun": ["@types/bun@1.2.8", "", { "dependencies": { "bun-types": "1.2.7" } }, "sha512-t8L1RvJVUghW5V+M/fL3Thbxcs0HwNsXsnTEBEfEVqGteiJToOlZ/fyOEaR1kZsNqnu+3XA4RI/qmnX4w6+S+w=="],

    "@types/diff-match-patch": ["@types/diff-match-patch@1.0.36", "", {}, "sha512-xFdR6tkm0MWvBfO8xXCSsinYxHcqkQUlcHeSpMC2ukzOb6lwQAfDmW+Qt0AvlGd8HpsS28qKsB+oPeJn9I39jg=="],

    "@types/node": ["@types/node@22.14.0", "", { "dependencies": { "undici-types": "~6.21.0" } }, "sha512-Kmpl+z84ILoG+3T/zQFyAJsU6EPTmOCj8/2+83fSN6djd6I4o7uOuGIH6vq3PrjY5BGitSbFuMN18j3iknubbA=="],

    "@types/nodemailer": ["@types/nodemailer@6.4.17", "", { "dependencies": { "@types/node": "*" } }, "sha512-I9CCaIp6DTldEg7vyUTZi8+9Vo0hi1/T8gv3C89yk1rSAAzoKQ8H8ki/jBYJSFoH/BisgLP8tkZMlQ91CIquww=="],

    "@types/pg": ["@types/pg@8.11.11", "", { "dependencies": { "@types/node": "*", "pg-protocol": "*", "pg-types": "^4.0.1" } }, "sha512-kGT1qKM8wJQ5qlawUrEkXgvMSXoV213KfMGXcwfDwUIfUHXqXYXOfS1nE1LINRJVVVx5wCm70XnFlMHaIcQAfw=="],

    "@types/ws": ["@types/ws@8.18.1", "", { "dependencies": { "@types/node": "*" } }, "sha512-ThVF6DCVhA8kUGy+aazFQ4kXQ7E1Ty7A3ypFOe0IcJV8O/M511G99AW24irKrW56Wt44yG9+ij8FaqoBGkuBXg=="],

    "acorn": ["acorn@8.14.0", "", { "bin": { "acorn": "bin/acorn" } }, "sha512-cl669nCJTZBsL97OF4kUQm5g5hC2uihk0NxY3WENAC0TYdILVkAyHymAntgxGkl7K+t0cXIrH5siy5S4XkFycA=="],

    "acorn-walk": ["acorn-walk@8.3.2", "", {}, "sha512-cjkyv4OtNCIeqhHrfS81QWXoCBPExR/J62oyEqepVw8WaQeSqpW2uhuLPh1m9eWhDuOo/jUXVTlifvesOWp/4A=="],

    "ai": ["ai@4.3.0", "", { "dependencies": { "@ai-sdk/provider": "1.1.0", "@ai-sdk/provider-utils": "2.2.4", "@ai-sdk/react": "1.2.6", "@ai-sdk/ui-utils": "1.2.5", "@opentelemetry/api": "1.9.0", "jsondiffpatch": "0.6.0" }, "peerDependencies": { "react": "^18 || ^19 || ^19.0.0-rc", "zod": "^3.23.8" }, "optionalPeers": ["react"] }, "sha512-PxyQYKhWaU3LiZEpeKRaekVonZIbWdKAwgnqm0CSAxy1MFufmYEC5SM5Mc9uiK2DoHcbAL3d1jyaQ2fSDAJL8w=="],

    "as-table": ["as-table@1.0.55", "", { "dependencies": { "printable-characters": "^1.0.42" } }, "sha512-xvsWESUJn0JN421Xb9MQw6AsMHRCUknCe0Wjlxvjud80mU4E6hQf1A6NzQKcYNmYw62MfzEtXc+badstZP3JpQ=="],

    "bcryptjs": ["bcryptjs@3.0.2", "", { "bin": { "bcrypt": "bin/bcrypt" } }, "sha512-k38b3XOZKv60C4E2hVsXTolJWfkGRMbILBIe2IBITXciy5bOsTKot5kDrf3ZfufQtQOUN5mXceUEpU1rTl9Uog=="],

    "blake3-wasm": ["blake3-wasm@2.1.5", "", {}, "sha512-F1+K8EbfOZE49dtoPtmxUQrpXaBIl3ICvasLh+nJta0xkz+9kF/7uet9fLnwKqhDrmj6g+6K3Tw9yQPUg2ka5g=="],

    "bun-types": ["bun-types@1.2.7", "", { "dependencies": { "@types/node": "*", "@types/ws": "*" } }, "sha512-P4hHhk7kjF99acXqKvltyuMQ2kf/rzIw3ylEDpCxDS9Xa0X0Yp/gJu/vDCucmWpiur5qJ0lwB2bWzOXa2GlHqA=="],

    "chalk": ["chalk@5.4.1", "", {}, "sha512-zgVZuo2WcZgfUEmsn6eO3kINexW8RAE4maiQ8QNs8CtpPCSyMiYsULR3HQYkm3w8FIA3SberyMJMSldGsW+U3w=="],

    "color": ["color@4.2.3", "", { "dependencies": { "color-convert": "^2.0.1", "color-string": "^1.9.0" } }, "sha512-1rXeuUUiGGrykh+CeBdu5Ie7OJwinCgQY0bc7GCRxy5xVHy+moaqkpL/jqQq0MtQOeYcrqEz4abc5f0KtU7W4A=="],

    "color-convert": ["color-convert@2.0.1", "", { "dependencies": { "color-name": "~1.1.4" } }, "sha512-RRECPsj7iu/xb5oKYcsFHSppFNnsj/52OVTRKb4zP5onXwVF3zVmmToNcOfGC+CRDpfK/U584fMg38ZHCaElKQ=="],

    "color-name": ["color-name@1.1.4", "", {}, "sha512-dOy+3AuW3a2wNbZHIuMZpTcgjGuLU/uBL/ubcZF9OXbDo8ff4O8yVp5Bf0efS8uEoYo5q4Fx7dY9OgQGXgAsQA=="],

    "color-string": ["color-string@1.9.1", "", { "dependencies": { "color-name": "^1.0.0", "simple-swizzle": "^0.2.2" } }, "sha512-shrVawQFojnZv6xM40anx4CkoDP+fZsw/ZerEMsW/pyzsRbElpsL/DBVW7q3ExxwusdNXI3lXpuhEZkzs8p5Eg=="],

    "cookie": ["cookie@0.7.2", "", {}, "sha512-yki5XnKuf750l50uGTllt6kKILY4nQ1eNIQatoXEByZ5dWgnKqbnqmTrBE5B4N7lrMJKQ2ytWMiTO2o0v6Ew/w=="],

    "data-uri-to-buffer": ["data-uri-to-buffer@2.0.2", "", {}, "sha512-ND9qDTLc6diwj+Xe5cdAgVTbLVdXbtxTJRXRhli8Mowuaan+0EJOtdqJ0QCHNSSPyoXGx9HX2/VMnKeC34AChA=="],

    "deepmerge": ["deepmerge@4.3.1", "", {}, "sha512-3sUqbMEc77XqpdNO7FRyRog+eW3ph+GYCbj+rK+uYyRMuwsVy0rMiVtPn+QJlKFvWP/1PYpapqYn0Me2knFn+A=="],

    "defu": ["defu@6.1.4", "", {}, "sha512-mEQCMmwJu317oSz8CwdIOdwf3xMif1ttiM8LTufzc3g6kR+9Pe236twL8j3IYT1F7GfRgGcW6MWxzZjLIkuHIg=="],

    "dequal": ["dequal@2.0.3", "", {}, "sha512-0je+qPKHEMohvfRTCEo3CrPG6cAzAYgmzKyxRiYSSDkS6eGJdyVJm7WaYA5ECaAD9wLB2T4EEeymA5aFVcYXCA=="],

    "detect-libc": ["detect-libc@2.0.3", "", {}, "sha512-bwy0MGW55bG41VqxxypOsdSdGqLwXPI/focwgTYCFMbdUiBAxLg9CFzG08sz2aqzknwiX7Hkl0bQENjg8iLByw=="],

    "diff-match-patch": ["diff-match-patch@1.0.5", "", {}, "sha512-IayShXAgj/QMXgB0IWmKx+rOPuGMhqm5w6jvFxmVenXKIzRqTAAsbBPT3kWQeGANj3jGgvcvv4yK6SxqYmikgw=="],

    "dom-serializer": ["dom-serializer@2.0.0", "", { "dependencies": { "domelementtype": "^2.3.0", "domhandler": "^5.0.2", "entities": "^4.2.0" } }, "sha512-wIkAryiqt/nV5EQKqQpo3SToSOV9J0DnbJqwK7Wv/Trc92zIAYZ4FlMu+JPFW1DfGFt81ZTCGgDEabffXeLyJg=="],

    "domelementtype": ["domelementtype@2.3.0", "", {}, "sha512-OLETBj6w0OsagBwdXnPdN0cnMfF9opN69co+7ZrbfPGrdpPVNBUj02spi6B1N7wChLQiPn4CSH/zJvXw56gmHw=="],

    "domhandler": ["domhandler@5.0.3", "", { "dependencies": { "domelementtype": "^2.3.0" } }, "sha512-cgwlv/1iFQiFnU96XXgROh8xTeetsnJiDsTc7TYCLFd9+/WNkIqPTxiM/8pSd8VIrhXGTf1Ny1q1hquVqDJB5w=="],

    "domutils": ["domutils@3.2.2", "", { "dependencies": { "dom-serializer": "^2.0.0", "domelementtype": "^2.3.0", "domhandler": "^5.0.3" } }, "sha512-6kZKyUajlDuqlHKVX1w7gyslj9MPIXzIFiz/rGu35uC1wMi+kMhQwGhl4lt9unC9Vb9INnY9Z3/ZA3+FhASLaw=="],

    "drizzle-orm": ["drizzle-orm@0.41.0", "", { "peerDependencies": { "@aws-sdk/client-rds-data": ">=3", "@cloudflare/workers-types": ">=4", "@electric-sql/pglite": ">=0.2.0", "@libsql/client": ">=0.10.0", "@libsql/client-wasm": ">=0.10.0", "@neondatabase/serverless": ">=0.10.0", "@op-engineering/op-sqlite": ">=2", "@opentelemetry/api": "^1.4.1", "@planetscale/database": ">=1", "@prisma/client": "*", "@tidbcloud/serverless": "*", "@types/better-sqlite3": "*", "@types/pg": "*", "@types/sql.js": "*", "@vercel/postgres": ">=0.8.0", "@xata.io/client": "*", "better-sqlite3": ">=7", "bun-types": "*", "expo-sqlite": ">=14.0.0", "gel": ">=2", "knex": "*", "kysely": "*", "mysql2": ">=2", "pg": ">=8", "postgres": ">=3", "sql.js": ">=1", "sqlite3": ">=5" }, "optionalPeers": ["@aws-sdk/client-rds-data", "@cloudflare/workers-types", "@electric-sql/pglite", "@libsql/client", "@libsql/client-wasm", "@neondatabase/serverless", "@op-engineering/op-sqlite", "@opentelemetry/api", "@planetscale/database", "@prisma/client", "@tidbcloud/serverless", "@types/better-sqlite3", "@types/pg", "@types/sql.js", "@vercel/postgres", "@xata.io/client", "better-sqlite3", "bun-types", "expo-sqlite", "gel", "knex", "kysely", "mysql2", "pg", "postgres", "sql.js", "sqlite3"] }, "sha512-7A4ZxhHk9gdlXmTdPj/lREtP+3u8KvZ4yEN6MYVxBzZGex5Wtdc+CWSbu7btgF6TB0N+MNPrvW7RKBbxJchs/Q=="],

    "entities": ["entities@4.5.0", "", {}, "sha512-V0hjH4dGPh9Ao5p0MoRY6BVqtwCjhz6vI5LT8AJ55H+4g9/4vbHx1I54fS0XuclLhDHArPQCiMjDxjaL8fPxhw=="],

    "esbuild": ["esbuild@0.24.2", "", { "optionalDependencies": { "@esbuild/aix-ppc64": "0.24.2", "@esbuild/android-arm": "0.24.2", "@esbuild/android-arm64": "0.24.2", "@esbuild/android-x64": "0.24.2", "@esbuild/darwin-arm64": "0.24.2", "@esbuild/darwin-x64": "0.24.2", "@esbuild/freebsd-arm64": "0.24.2", "@esbuild/freebsd-x64": "0.24.2", "@esbuild/linux-arm": "0.24.2", "@esbuild/linux-arm64": "0.24.2", "@esbuild/linux-ia32": "0.24.2", "@esbuild/linux-loong64": "0.24.2", "@esbuild/linux-mips64el": "0.24.2", "@esbuild/linux-ppc64": "0.24.2", "@esbuild/linux-riscv64": "0.24.2", "@esbuild/linux-s390x": "0.24.2", "@esbuild/linux-x64": "0.24.2", "@esbuild/netbsd-arm64": "0.24.2", "@esbuild/netbsd-x64": "0.24.2", "@esbuild/openbsd-arm64": "0.24.2", "@esbuild/openbsd-x64": "0.24.2", "@esbuild/sunos-x64": "0.24.2", "@esbuild/win32-arm64": "0.24.2", "@esbuild/win32-ia32": "0.24.2", "@esbuild/win32-x64": "0.24.2" }, "bin": { "esbuild": "bin/esbuild" } }, "sha512-+9egpBW8I3CD5XPe0n6BfT5fxLzxrlDzqydF3aviG+9ni1lDC/OvMHcxqEFV0+LANZG5R1bFMWfUrjVsdwxJvA=="],

    "exit-hook": ["exit-hook@2.2.1", "", {}, "sha512-eNTPlAD67BmP31LDINZ3U7HSF8l57TxOY2PmBJ1shpCvpnxBF93mWCE8YHBnXs8qiUZJc9WDcWIeC3a2HIAMfw=="],

    "exsolve": ["exsolve@1.0.4", "", {}, "sha512-xsZH6PXaER4XoV+NiT7JHp1bJodJVT+cxeSH1G0f0tlT0lJqYuHUP3bUx2HtfTDvOagMINYp8rsqusxud3RXhw=="],

    "fast-deep-equal": ["fast-deep-equal@2.0.1", "", {}, "sha512-bCK/2Z4zLidyB4ReuIsvALH6w31YfAQDmXMqMx6FyfHqvBxtjC0eRumeSu4Bs3XtXwpyIywtSTrVT99BxY1f9w=="],

    "fsevents": ["fsevents@2.3.3", "", { "os": "darwin" }, "sha512-5xoDfX+fL7faATnagmWPpbFtwh/R77WmMMqqHGS65C3vvB0YHrgF+B1YmZ3441tMj5n63k0212XNoJwzlhffQw=="],

    "get-source": ["get-source@2.0.12", "", { "dependencies": { "data-uri-to-buffer": "^2.0.0", "source-map": "^0.6.1" } }, "sha512-X5+4+iD+HoSeEED+uwrQ07BOQr0kEDFMVqqpBuI+RaZBpBpHCuXxo70bjar6f0b0u/DQJsJ7ssurpP0V60Az+w=="],

    "glob-to-regexp": ["glob-to-regexp@0.4.1", "", {}, "sha512-lkX1HJXwyMcprw/5YUZc2s7DrpAiHB21/V+E1rHUrVNokkvB6bqMzT0VfV6/86ZNabt1k14YOIaT7nDvOX3Iiw=="],

    "hono": ["hono@4.7.5", "", {}, "sha512-fDOK5W2C1vZACsgLONigdZTRZxuBqFtcKh7bUQ5cVSbwI2RWjloJDcgFOVzbQrlI6pCmhlTsVYZ7zpLj4m4qMQ=="],

    "html-to-text": ["html-to-text@9.0.5", "", { "dependencies": { "@selderee/plugin-htmlparser2": "^0.11.0", "deepmerge": "^4.3.1", "dom-serializer": "^2.0.0", "htmlparser2": "^8.0.2", "selderee": "^0.11.0" } }, "sha512-qY60FjREgVZL03vJU6IfMV4GDjGBIoOyvuFdpBDIX9yTlDw0TjxVBQp+P8NvpdIXNJvfWBTNul7fsAQJq2FNpg=="],

    "htmlparser2": ["htmlparser2@8.0.2", "", { "dependencies": { "domelementtype": "^2.3.0", "domhandler": "^5.0.3", "domutils": "^3.0.1", "entities": "^4.4.0" } }, "sha512-GYdjWKDkbRLkZ5geuHs5NY1puJ+PXwP7+fHPRz06Eirsb9ugf6d8kkXav6ADhcODhFFPMIXyxkxSuMf3D6NCFA=="],

    "is-arrayish": ["is-arrayish@0.3.2", "", {}, "sha512-eVRqCvVlZbuw3GrM63ovNSNAeA1K16kaR/LRY/92w0zxQ5/1YzwblUX652i4Xs9RwAGjW9d9y6X88t8OaAJfWQ=="],

    "json-schema": ["json-schema@0.4.0", "", {}, "sha512-es94M3nTIfsEPisRafak+HDLfHXnKBhV3vU5eqPcS3flIWqcxJWgXHXiey3YrpaNsanY5ei1VoYEbOzijuq9BA=="],

    "jsondiffpatch": ["jsondiffpatch@0.6.0", "", { "dependencies": { "@types/diff-match-patch": "^1.0.36", "chalk": "^5.3.0", "diff-match-patch": "^1.0.5" }, "bin": { "jsondiffpatch": "bin/jsondiffpatch.js" } }, "sha512-3QItJOXp2AP1uv7waBkao5nCvhEv+QmJAd38Ybq7wNI74Q+BBmnLn4EDKz6yI9xGAIQoUF87qHt+kc1IVxB4zQ=="],

    "leac": ["leac@0.6.0", "", {}, "sha512-y+SqErxb8h7nE/fiEX07jsbuhrpO9lL8eca7/Y1nuWV2moNlXhyd59iDGcRf6moVyDMbmTNzL40SUyrFU/yDpg=="],

    "mime": ["mime@3.0.0", "", { "bin": { "mime": "cli.js" } }, "sha512-jSCU7/VB1loIWBZe14aEYHU/+1UMEHoaO7qxCOVJOw9GgH72VAWppxNcjU+x9a2k3GSIBXNKxXQFqRvvZ7vr3A=="],

    "miniflare": ["miniflare@4.20250404.0", "", { "dependencies": { "@cspotcode/source-map-support": "0.8.1", "acorn": "8.14.0", "acorn-walk": "8.3.2", "exit-hook": "2.2.1", "glob-to-regexp": "0.4.1", "stoppable": "1.1.0", "undici": "^5.28.5", "workerd": "1.20250404.0", "ws": "8.18.0", "youch": "3.3.4", "zod": "3.22.3" }, "bin": { "miniflare": "bootstrap.js" } }, "sha512-OeNnXrOdgSoN5iDA+u1Ue3etOyPY89BJFFizMgGEPJvGTYL+kZhKqeBKeZiZIS7xjjlrfXNqleYGnCyomQ1pDQ=="],

    "mustache": ["mustache@4.2.0", "", { "bin": { "mustache": "bin/mustache" } }, "sha512-71ippSywq5Yb7/tVYyGbkBggbU8H3u5Rz56fH60jGFgr8uHwxs+aSKeqmluIVzM0m0kB7xQjKS6qPfd0b2ZoqQ=="],

    "nanoid": ["nanoid@3.3.11", "", { "bin": { "nanoid": "bin/nanoid.cjs" } }, "sha512-N8SpfPUnUp1bK+PMYW8qSWdl9U+wwNWI4QKxOYDy9JAro3WMX7p2OeVRF9v+347pnakNevPmiHhNmZ2HbFA76w=="],

    "nodemailer": ["nodemailer@6.10.0", "", {}, "sha512-SQ3wZCExjeSatLE/HBaXS5vqUOQk6GtBdIIKxiFdmm01mOQZX/POJkO3SUX1wDiYcwUOJwT23scFSC9fY2H8IA=="],

    "obuf": ["obuf@1.1.2", "", {}, "sha512-PX1wu0AmAdPqOL1mWhqmlOd8kOIZQwGZw6rh7uby9fTc5lhaOWFLX3I6R1hrF9k3zUY40e6igsLGkDXK92LJNg=="],

    "ohash": ["ohash@2.0.11", "", {}, "sha512-RdR9FQrFwNBNXAr4GixM8YaRZRJ5PUWbKYbE5eOsrwAjJW0q2REGcf79oYPsLyskQCZG1PLN+S/K1V00joZAoQ=="],

    "parseley": ["parseley@0.12.1", "", { "dependencies": { "leac": "^0.6.0", "peberminta": "^0.9.0" } }, "sha512-e6qHKe3a9HWr0oMRVDTRhKce+bRO8VGQR3NyVwcjwrbhMmFCX9KszEV35+rn4AdilFAq9VPxP/Fe1wC9Qjd2lw=="],

    "path-to-regexp": ["path-to-regexp@6.3.0", "", {}, "sha512-Yhpw4T9C6hPpgPeA28us07OJeqZ5EzQTkbfwuhsUg0c237RomFoETJgmp2sa3F/41gfLE6G5cqcYwznmeEeOlQ=="],

    "pathe": ["pathe@2.0.3", "", {}, "sha512-WUjGcAqP1gQacoQe+OBJsFA7Ld4DyXuUIjZ5cc75cLHvJ7dtNsTugphxIADwspS+AraAUePCKrSVtPLFj/F88w=="],

    "peberminta": ["peberminta@0.9.0", "", {}, "sha512-XIxfHpEuSJbITd1H3EeQwpcZbTLHc+VVr8ANI9t5sit565tsI4/xK3KWTUFE2e6QiangUkh3B0jihzmGnNrRsQ=="],

    "pg-int8": ["pg-int8@1.0.1", "", {}, "sha512-WCtabS6t3c8SkpDBUlb1kjOs7l66xsGdKpIPZsg4wR+B3+u9UAum2odSsF9tnvxg80h4ZxLWMy4pRjOsFIqQpw=="],

    "pg-numeric": ["pg-numeric@1.0.2", "", {}, "sha512-BM/Thnrw5jm2kKLE5uJkXqqExRUY/toLHda65XgFTBTFYZyopbKjBe29Ii3RbkvlsMoFwD+tHeGaCjjv0gHlyw=="],

    "pg-protocol": ["pg-protocol@1.8.0", "", {}, "sha512-jvuYlEkL03NRvOoyoRktBK7+qU5kOvlAwvmrH8sr3wbLrOdVWsRxQfz8mMy9sZFsqJ1hEWNfdWKI4SAmoL+j7g=="],

    "pg-types": ["pg-types@4.0.2", "", { "dependencies": { "pg-int8": "1.0.1", "pg-numeric": "1.0.2", "postgres-array": "~3.0.1", "postgres-bytea": "~3.0.0", "postgres-date": "~2.1.0", "postgres-interval": "^3.0.0", "postgres-range": "^1.1.1" } }, "sha512-cRL3JpS3lKMGsKaWndugWQoLOCoP+Cic8oseVcbr0qhPzYD5DWXK+RZ9LY9wxRf7RQia4SCwQlXk0q6FCPrVng=="],

    "postgres-array": ["postgres-array@3.0.4", "", {}, "sha512-nAUSGfSDGOaOAEGwqsRY27GPOea7CNipJPOA7lPbdEpx5Kg3qzdP0AaWC5MlhTWV9s4hFX39nomVZ+C4tnGOJQ=="],

    "postgres-bytea": ["postgres-bytea@3.0.0", "", { "dependencies": { "obuf": "~1.1.2" } }, "sha512-CNd4jim9RFPkObHSjVHlVrxoVQXz7quwNFpz7RY1okNNme49+sVyiTvTRobiLV548Hx/hb1BG+iE7h9493WzFw=="],

    "postgres-date": ["postgres-date@2.1.0", "", {}, "sha512-K7Juri8gtgXVcDfZttFKVmhglp7epKb1K4pgrkLxehjqkrgPhfG6OO8LHLkfaqkbpjNRnra018XwAr1yQFWGcA=="],

    "postgres-interval": ["postgres-interval@3.0.0", "", {}, "sha512-BSNDnbyZCXSxgA+1f5UU2GmwhoI0aU5yMxRGO8CdFEcY2BQF9xm/7MqKnYoM1nJDk8nONNWDk9WeSmePFhQdlw=="],

    "postgres-range": ["postgres-range@1.1.4", "", {}, "sha512-i/hbxIE9803Alj/6ytL7UHQxRvZkI9O4Sy+J3HGc4F4oo/2eQAjTSNJ0bfxyse3bH0nuVesCk+3IRLaMtG3H6w=="],

    "prettier": ["prettier@3.4.2", "", { "bin": { "prettier": "bin/prettier.cjs" } }, "sha512-e9MewbtFo+Fevyuxn/4rrcDAaq0IYxPGLvObpQjiZBMAzB9IGmzlnG9RZy3FFas+eBMu2vA0CszMeduow5dIuQ=="],

    "printable-characters": ["printable-characters@1.0.42", "", {}, "sha512-dKp+C4iXWK4vVYZmYSd0KBH5F/h1HoZRsbJ82AVKRO3PEo8L4lBS/vLwhVtpwwuYcoIsVY+1JYKR268yn480uQ=="],

    "react": ["react@19.1.0", "", {}, "sha512-FS+XFBNvn3GTAWq26joslQgWNoFu08F4kl0J4CgdNKADkdSGXQyTCnKteIAJy96Br6YbpEU1LSzV5dYtjMkMDg=="],

    "react-dom": ["react-dom@19.1.0", "", { "dependencies": { "scheduler": "^0.26.0" }, "peerDependencies": { "react": "^19.1.0" } }, "sha512-Xs1hdnE+DyKgeHJeJznQmYMIBG3TKIHJJT95Q58nHLSrElKlGQqDTR2HQ9fx5CN/Gk6Vh/kupBTDLU11/nDk/g=="],

    "react-promise-suspense": ["react-promise-suspense@0.3.4", "", { "dependencies": { "fast-deep-equal": "^2.0.1" } }, "sha512-I42jl7L3Ze6kZaq+7zXWSunBa3b1on5yfvUW6Eo/3fFOj6dZ5Bqmcd264nJbTK/gn1HjjILAjSwnZbV4RpSaNQ=="],

    "resend": ["resend@4.2.0", "", { "dependencies": { "@react-email/render": "1.0.5" } }, "sha512-s6ogU+BBYH1H6Zl926cpddtLRAJWeFv5cIKcuHLWk1QYhFTbpFJlhqx31pnN2f0CB075KFSrc1Xf6HG690wzuw=="],

    "scheduler": ["scheduler@0.26.0", "", {}, "sha512-NlHwttCI/l5gCPR3D1nNXtWABUmBwvZpEQiD4IXSbIDq8BzLIK/7Ir5gTFSGZDUu37K5cMNp0hFtzO38sC7gWA=="],

    "secure-json-parse": ["secure-json-parse@2.7.0", "", {}, "sha512-6aU+Rwsezw7VR8/nyvKTx8QpWH9FrcYiXXlqC4z5d5XQBDRqtbfsRjnwGyqbi3gddNtWHuEk9OANUotL26qKUw=="],

    "selderee": ["selderee@0.11.0", "", { "dependencies": { "parseley": "^0.12.0" } }, "sha512-5TF+l7p4+OsnP8BCCvSyZiSPc4x4//p5uPwK8TCnVPJYRmU2aYKMpOXvw8zM5a5JvuuCGN1jmsMwuU2W02ukfA=="],

    "semver": ["semver@7.7.1", "", { "bin": { "semver": "bin/semver.js" } }, "sha512-hlq8tAfn0m/61p4BVRcPzIGr6LKiMwo4VM6dGi6pt4qcRkmNzTcWq6eCEjEh+qXjkMDvPlOFFSGwQjoEa6gyMA=="],

    "sharp": ["sharp@0.33.5", "", { "dependencies": { "color": "^4.2.3", "detect-libc": "^2.0.3", "semver": "^7.6.3" }, "optionalDependencies": { "@img/sharp-darwin-arm64": "0.33.5", "@img/sharp-darwin-x64": "0.33.5", "@img/sharp-libvips-darwin-arm64": "1.0.4", "@img/sharp-libvips-darwin-x64": "1.0.4", "@img/sharp-libvips-linux-arm": "1.0.5", "@img/sharp-libvips-linux-arm64": "1.0.4", "@img/sharp-libvips-linux-s390x": "1.0.4", "@img/sharp-libvips-linux-x64": "1.0.4", "@img/sharp-libvips-linuxmusl-arm64": "1.0.4", "@img/sharp-libvips-linuxmusl-x64": "1.0.4", "@img/sharp-linux-arm": "0.33.5", "@img/sharp-linux-arm64": "0.33.5", "@img/sharp-linux-s390x": "0.33.5", "@img/sharp-linux-x64": "0.33.5", "@img/sharp-linuxmusl-arm64": "0.33.5", "@img/sharp-linuxmusl-x64": "0.33.5", "@img/sharp-wasm32": "0.33.5", "@img/sharp-win32-ia32": "0.33.5", "@img/sharp-win32-x64": "0.33.5" } }, "sha512-haPVm1EkS9pgvHrQ/F3Xy+hgcuMV0Wm9vfIBSiwZ05k+xgb0PkBQpGsAA/oWdDobNaZTH5ppvHtzCFbnSEwHVw=="],

    "simple-swizzle": ["simple-swizzle@0.2.2", "", { "dependencies": { "is-arrayish": "^0.3.1" } }, "sha512-JA//kQgZtbuY83m+xT+tXJkmJncGMTFT+C+g2h2R9uxkYIrE2yy9sgmcLhCnw57/WSD+Eh3J97FPEDFnbXnDUg=="],

    "source-map": ["source-map@0.6.1", "", {}, "sha512-UjgapumWlbMhkBgzT7Ykc5YXUT46F0iKu8SGXq0bcwP5dz/h0Plj6enJqjz1Zbq2l5WaqYnrVbwWOWMyF3F47g=="],

    "stacktracey": ["stacktracey@2.1.8", "", { "dependencies": { "as-table": "^1.0.36", "get-source": "^2.0.12" } }, "sha512-Kpij9riA+UNg7TnphqjH7/CzctQ/owJGNbFkfEeve4Z4uxT5+JapVLFXcsurIfN34gnTWZNJ/f7NMG0E8JDzTw=="],

    "stoppable": ["stoppable@1.1.0", "", {}, "sha512-KXDYZ9dszj6bzvnEMRYvxgeTHU74QBFL54XKtP3nyMuJ81CFYtABZ3bAzL2EdFUaEwJOBOgENyFj3R7oTzDyyw=="],

    "swr": ["swr@2.3.3", "", { "dependencies": { "dequal": "^2.0.3", "use-sync-external-store": "^1.4.0" }, "peerDependencies": { "react": "^16.11.0 || ^17.0.0 || ^18.0.0 || ^19.0.0" } }, "sha512-dshNvs3ExOqtZ6kJBaAsabhPdHyeY4P2cKwRCniDVifBMoG/SVI7tfLWqPXriVspf2Rg4tPzXJTnwaihIeFw2A=="],

    "throttleit": ["throttleit@2.1.0", "", {}, "sha512-nt6AMGKW1p/70DF/hGBdJB57B8Tspmbp5gfJ8ilhLnt7kkr2ye7hzD6NVG8GGErk2HWF34igrL2CXmNIkzKqKw=="],

    "tslib": ["tslib@2.8.1", "", {}, "sha512-oJFu94HQb+KVduSUQL7wnpmqnfmLsOA/nAh6b6EH0wCEoK0/mPeXU6c3wKDV83MkOuHPRHtSXKKU99IBazS/2w=="],

    "ufo": ["ufo@1.5.4", "", {}, "sha512-UsUk3byDzKd04EyoZ7U4DOlxQaD14JUKQl6/P7wiX4FNvUfm3XL246n9W5AmqwW5RSFJ27NAuM0iLscAOYUiGQ=="],

    "undici": ["undici@5.29.0", "", { "dependencies": { "@fastify/busboy": "^2.0.0" } }, "sha512-raqeBD6NQK4SkWhQzeYKd1KmIG6dllBOTt55Rmkt4HtI9mwdWtJljnrXjAFUBLTSN67HWrOIZ3EPF4kjUw80Bg=="],

    "undici-types": ["undici-types@6.21.0", "", {}, "sha512-iwDZqg0QAGrg9Rav5H4n0M64c3mkR59cJ6wQp+7C4nI0gsmExaedaYLNO44eT4AtBBwjbTiGPMlt2Md0T9H9JQ=="],

    "unenv": ["unenv@2.0.0-rc.15", "", { "dependencies": { "defu": "^6.1.4", "exsolve": "^1.0.4", "ohash": "^2.0.11", "pathe": "^2.0.3", "ufo": "^1.5.4" } }, "sha512-J/rEIZU8w6FOfLNz/hNKsnY+fFHWnu9MH4yRbSZF3xbbGHovcetXPs7sD+9p8L6CeNC//I9bhRYAOsBt2u7/OA=="],

    "use-sync-external-store": ["use-sync-external-store@1.5.0", "", { "peerDependencies": { "react": "^16.8.0 || ^17.0.0 || ^18.0.0 || ^19.0.0" } }, "sha512-Rb46I4cGGVBmjamjphe8L/UnvJD+uPPtTkNvX5mZgqdbavhI4EbgIWJiIHXJ8bc/i9EQGPRh4DwEURJ552Do0A=="],

    "workerd": ["workerd@1.20250404.0", "", { "optionalDependencies": { "@cloudflare/workerd-darwin-64": "1.20250404.0", "@cloudflare/workerd-darwin-arm64": "1.20250404.0", "@cloudflare/workerd-linux-64": "1.20250404.0", "@cloudflare/workerd-linux-arm64": "1.20250404.0", "@cloudflare/workerd-windows-64": "1.20250404.0" }, "bin": { "workerd": "bin/workerd" } }, "sha512-dvXsRdy49/vd4nPENpTDFjbPvR3XdPa8lJrxcnDKL1XtoioYXflq3ys8ljuu+X71ojqAAjnQj62AzrmmKM095g=="],

    "wrangler": ["wrangler@4.7.2", "", { "dependencies": { "@cloudflare/kv-asset-handler": "0.4.0", "@cloudflare/unenv-preset": "2.3.1", "blake3-wasm": "2.1.5", "esbuild": "0.24.2", "miniflare": "4.20250404.0", "path-to-regexp": "6.3.0", "unenv": "2.0.0-rc.15", "workerd": "1.20250404.0" }, "optionalDependencies": { "fsevents": "~2.3.2", "sharp": "^0.33.5" }, "peerDependencies": { "@cloudflare/workers-types": "^4.20250404.0" }, "optionalPeers": ["@cloudflare/workers-types"], "bin": { "wrangler": "bin/wrangler.js", "wrangler2": "bin/wrangler.js" } }, "sha512-fK9h7PL8wrrdSLCFXVDotoSHOebRmdNdB4VRkUDWOIyiP0Dx54TBfXTt3bXB98EYx7VT+vj6CNVnEC8gSCxt0w=="],

    "ws": ["ws@8.18.1", "", { "peerDependencies": { "bufferutil": "^4.0.1", "utf-8-validate": ">=5.0.2" }, "optionalPeers": ["bufferutil", "utf-8-validate"] }, "sha512-RKW2aJZMXeMxVpnZ6bck+RswznaxmzdULiBr6KY7XkTnW8uvt0iT9H5DkHUChXrc+uurzwa0rVI16n/Xzjdz1w=="],

    "youch": ["youch@3.3.4", "", { "dependencies": { "cookie": "^0.7.1", "mustache": "^4.2.0", "stacktracey": "^2.1.8" } }, "sha512-UeVBXie8cA35DS6+nBkls68xaBBXCye0CNznrhszZjTbRVnJKQuNsyLKBTTL4ln1o1rh2PKtv35twV7irj5SEg=="],

    "zod": ["zod@3.24.2", "", {}, "sha512-lY7CDW43ECgW9u1TcT3IoXHflywfVqDYze4waEz812jR/bZ8FHDsl7pFQoSZTz5N+2NqRXs8GBwnAwo3ZNxqhQ=="],

    "zod-to-json-schema": ["zod-to-json-schema@3.24.5", "", { "peerDependencies": { "zod": "^3.24.1" } }, "sha512-/AuWwMP+YqiPbsJx5D6TfgRTc4kTLjsh5SOcd4bLsfUg2RcEXrFMJl1DGgdHy2aCfsIA/cr/1JM0xcB2GZji8g=="],

    "miniflare/ws": ["ws@8.18.0", "", { "peerDependencies": { "bufferutil": "^4.0.1", "utf-8-validate": ">=5.0.2" }, "optionalPeers": ["bufferutil", "utf-8-validate"] }, "sha512-8VbfWfHLbbwu3+N6OKsOMpBdT4kXPDDB9cJk2bJ6mh9ucxdlnNvH1e+roYkKmN9Nxw2yjz7VzeO9oOz2zJ04Pw=="],

    "miniflare/zod": ["zod@3.22.3", "", {}, "sha512-EjIevzuJRiRPbVH4mGc8nApb/lVLKVpmUhAaR5R5doKGfAnGJ6Gr3CViAVjP+4FWSxCsybeWQdcgCtbX+7oZug=="],
  }
}
